
Microsoft Visual Studio Solution File, Format Version 12.00
# Visual Studio Version 16
VisualStudioVersion = 16.0.31019.35
MinimumVisualStudioVersion = 10.0.40219.1
Project("{FAE04EC0-301F-11D3-BF4B-00C04F79EFBC}") = "WindowsFormHTTPServer", "WindowsFormsApp4\WindowsFormHTTPServer.csproj", "{C9B4FA1D-2B7B-4F91-8196-59A0DA537AA0}"
EndProject
Global
	GlobalSection(SolutionConfigurationPlatforms) = preSolution
		Debug|Any CPU = Debug|Any CPU
		Release|Any CPU = Release|Any CPU
	EndGlobalSection
	GlobalSection(ProjectConfigurationPlatforms) = postSolution
		{C9B4FA1D-2B7B-4F91-8196-59A0DA537AA0}.Debug|Any CPU.ActiveCfg = Debug|Any CPU
		{C9B4FA1D-2B7B-4F91-8196-59A0DA537AA0}.Debug|Any CPU.Build.0 = Debug|Any CPU
		{C9B4FA1D-2B7B-4F91-8196-59A0DA537AA0}.Release|Any CPU.ActiveCfg = Release|Any CPU
		{C9B4FA1D-2B7B-4F91-8196-59A0DA537AA0}.Release|Any CPU.Build.0 = Release|Any CPU
	EndGlobalSection
	GlobalSection(SolutionProperties) = preSolution
		HideSolutionNode = FALSE
	EndGlobalSection
	GlobalSection(ExtensibilityGlobals) = postSolution
		SolutionGuid = {C8CB6957-7283-4CD8-A315-7BFD6D284E3C}
	EndGlobalSection
EndGlobal
